
Microsoft Visual Studio Solution File, Format Version 12.00
# Visual Studio Version 17
VisualStudioVersion = 17.10.35004.147
MinimumVisualStudioVersion = 10.0.40219.1
Project("{9A19103F-16F7-4668-BE54-9A1E7A4F7556}") = "TodoApi1", "TodoApi1.csproj", "{B5423EE7-BF9F-4EB7-AEC7-E7330CC23A1D}"
EndProject
Global
	GlobalSection(SolutionConfigurationPlatforms) = preSolution
		Debug|Any CPU = Debug|Any CPU
		Release|Any CPU = Release|Any CPU
	EndGlobalSection
	GlobalSection(ProjectConfigurationPlatforms) = postSolution
		{B5423EE7-BF9F-4EB7-AEC7-E7330CC23A1D}.Debug|Any CPU.ActiveCfg = Debug|Any CPU
		{B5423EE7-BF9F-4EB7-AEC7-E7330CC23A1D}.Debug|Any CPU.Build.0 = Debug|Any CPU
		{B5423EE7-BF9F-4EB7-AEC7-E7330CC23A1D}.Release|Any CPU.ActiveCfg = Release|Any CPU
		{B5423EE7-BF9F-4EB7-AEC7-E7330CC23A1D}.Release|Any CPU.Build.0 = Release|Any CPU
	EndGlobalSection
	GlobalSection(SolutionProperties) = preSolution
		HideSolutionNode = FALSE
	EndGlobalSection
	GlobalSection(ExtensibilityGlobals) = postSolution
		SolutionGuid = {E5087F00-479E-45F4-9A2D-243DAA4A3DF9}
	EndGlobalSection
EndGlobal
